
Microsoft Visual Studio Solution File, Format Version 12.00
# Visual Studio 15
VisualStudioVersion = 15.0.27703.2026
MinimumVisualStudioVersion = 10.0.40219.1
Project("{9A19103F-16F7-4668-BE54-9A1E7A4F7556}") = "ParserExchanger", "ParserExchanger\ParserExchanger.csproj", "{723EDE61-72EB-4282-A247-4CF467784B3F}"
EndProject
Project("{E53339B2-1760-4266-BCC7-CA923CBCF16C}") = "docker-compose", "docker-compose.dcproj", "{445CB5E9-4CE1-4273-B49D-75037939D147}"
EndProject
Global
	GlobalSection(SolutionConfigurationPlatforms) = preSolution
		Debug|Any CPU = Debug|Any CPU
		Release|Any CPU = Release|Any CPU
	EndGlobalSection
	GlobalSection(ProjectConfigurationPlatforms) = postSolution
		{723EDE61-72EB-4282-A247-4CF467784B3F}.Debug|Any CPU.ActiveCfg = Debug|Any CPU
		{723EDE61-72EB-4282-A247-4CF467784B3F}.Debug|Any CPU.Build.0 = Debug|Any CPU
		{723EDE61-72EB-4282-A247-4CF467784B3F}.Release|Any CPU.ActiveCfg = Release|Any CPU
		{723EDE61-72EB-4282-A247-4CF467784B3F}.Release|Any CPU.Build.0 = Release|Any CPU
		{445CB5E9-4CE1-4273-B49D-75037939D147}.Debug|Any CPU.ActiveCfg = Debug|Any CPU
		{445CB5E9-4CE1-4273-B49D-75037939D147}.Debug|Any CPU.Build.0 = Debug|Any CPU
		{445CB5E9-4CE1-4273-B49D-75037939D147}.Release|Any CPU.ActiveCfg = Release|Any CPU
		{445CB5E9-4CE1-4273-B49D-75037939D147}.Release|Any CPU.Build.0 = Release|Any CPU
	EndGlobalSection
	GlobalSection(SolutionProperties) = preSolution
		HideSolutionNode = FALSE
	EndGlobalSection
	GlobalSection(ExtensibilityGlobals) = postSolution
		SolutionGuid = {65F6D2D9-63EA-4E7B-A17A-638FB92F4F36}
	EndGlobalSection
EndGlobal
